// !$*UTF8*$!
{
	archiveVersion = 1;
	classes = {
	};
	objectVersion = 51;
	objects = {

/* Begin PBXBuildFile section */
		200CAE6CE94CA4F19A03851C /* Pods_MountainTop.framework in Frameworks */ = {isa = PBXBuildFile; fileRef = CB015A758DE4BAA045322779 /* Pods_MountainTop.framework */; };
		421E60FA232F5588005D994B /* UserInfomatoin.swift in Sources */ = {isa = PBXBuildFile; fileRef = 421E60F9232F5588005D994B /* UserInfomatoin.swift */; };
		421E60FC232F6912005D994B /* RecordImageCell.swift in Sources */ = {isa = PBXBuildFile; fileRef = 421E60FB232F6912005D994B /* RecordImageCell.swift */; };
		421E60FE232FB0DB005D994B /* DBTestVC.swift in Sources */ = {isa = PBXBuildFile; fileRef = 421E60FD232FB0DB005D994B /* DBTestVC.swift */; };
		421E610023308B45005D994B /* DbError.swift in Sources */ = {isa = PBXBuildFile; fileRef = 421E60FF23308B45005D994B /* DbError.swift */; };
		421E61022331DC0B005D994B /* MauntainDatabase.swift in Sources */ = {isa = PBXBuildFile; fileRef = 421E61012331DC0B005D994B /* MauntainDatabase.swift */; };
		421E6104233224AC005D994B /* MountainInfo.swift in Sources */ = {isa = PBXBuildFile; fileRef = 421E6103233224AC005D994B /* MountainInfo.swift */; };
		4222C2862324E01200619406 /* ClibmingDatabase.swift in Sources */ = {isa = PBXBuildFile; fileRef = 4222C2852324E01200619406 /* ClibmingDatabase.swift */; };
		4222C289232751BA00619406 /* UserRecord.swift in Sources */ = {isa = PBXBuildFile; fileRef = 4222C288232751BA00619406 /* UserRecord.swift */; };
		4222C28E2328D19F00619406 /* ProfileVC.swift in Sources */ = {isa = PBXBuildFile; fileRef = 4222C28D2328D19F00619406 /* ProfileVC.swift */; };
		4222C2912328D34F00619406 /* ProfileMainCell.swift in Sources */ = {isa = PBXBuildFile; fileRef = 4222C2902328D34F00619406 /* ProfileMainCell.swift */; };
		4222C2932328D39700619406 /* TableCollectionExtension.swift in Sources */ = {isa = PBXBuildFile; fileRef = 4222C2922328D39700619406 /* TableCollectionExtension.swift */; };
		4222C2952328D3EC00619406 /* Identifiable.swift in Sources */ = {isa = PBXBuildFile; fileRef = 4222C2942328D3EC00619406 /* Identifiable.swift */; };
		4222C2972328D59C00619406 /* UserClimbingRecord.swift in Sources */ = {isa = PBXBuildFile; fileRef = 4222C2962328D59C00619406 /* UserClimbingRecord.swift */; };
		4222C2992328DE2600619406 /* DefaultCell.swift in Sources */ = {isa = PBXBuildFile; fileRef = 4222C2982328DE2600619406 /* DefaultCell.swift */; };
		4222C29B232CCDE500619406 /* FontSize.swift in Sources */ = {isa = PBXBuildFile; fileRef = 4222C29A232CCDE500619406 /* FontSize.swift */; };
		4222C29D232D436B00619406 /* UserRecordsVC.swift in Sources */ = {isa = PBXBuildFile; fileRef = 4222C29C232D436B00619406 /* UserRecordsVC.swift */; };
		4222C29F232D461500619406 /* RecordCell.swift in Sources */ = {isa = PBXBuildFile; fileRef = 4222C29E232D461500619406 /* RecordCell.swift */; };
		4222C2A1232D527800619406 /* VoidCell.swift in Sources */ = {isa = PBXBuildFile; fileRef = 4222C2A0232D527800619406 /* VoidCell.swift */; };
		4222C2A3232E029900619406 /* CALayer.swift in Sources */ = {isa = PBXBuildFile; fileRef = 4222C2A2232E029900619406 /* CALayer.swift */; };
		4222C2A5232E06E500619406 /* MountainLevel.swift in Sources */ = {isa = PBXBuildFile; fileRef = 4222C2A4232E06E500619406 /* MountainLevel.swift */; };
		4222C2A7232E31CE00619406 /* RecordHeaderView.swift in Sources */ = {isa = PBXBuildFile; fileRef = 4222C2A6232E31CE00619406 /* RecordHeaderView.swift */; };
		424FAE692334E9A900D8C009 /* FDataBaseManager.swift in Sources */ = {isa = PBXBuildFile; fileRef = 424FAE682334E9A900D8C009 /* FDataBaseManager.swift */; };
		4282309A23483E3200A4B21A /* FinishTestVC.swift in Sources */ = {isa = PBXBuildFile; fileRef = 4282309923483E3200A4B21A /* FinishTestVC.swift */; };
		4282309C234862A700A4B21A /* TextViewVC.swift in Sources */ = {isa = PBXBuildFile; fileRef = 4282309B234862A700A4B21A /* TextViewVC.swift */; };
		42B52B74231A757A0043A3D2 /* KakaoOpenSDK.framework in Frameworks */ = {isa = PBXBuildFile; fileRef = 42B52B73231A757A0043A3D2 /* KakaoOpenSDK.framework */; };
		42B52B992320B77C0043A3D2 /* LoginUserInfo.swift in Sources */ = {isa = PBXBuildFile; fileRef = 42B52B982320B77C0043A3D2 /* LoginUserInfo.swift */; };
		42B52B9D2320B8370043A3D2 /* logger.swift in Sources */ = {isa = PBXBuildFile; fileRef = 42B52B9C2320B8370043A3D2 /* logger.swift */; };
		42B52BA12320B83E0043A3D2 /* UIAlertController.swift in Sources */ = {isa = PBXBuildFile; fileRef = 42B52B9F2320B83E0043A3D2 /* UIAlertController.swift */; };
		42B52BA32320BC850043A3D2 /* Metric.swift in Sources */ = {isa = PBXBuildFile; fileRef = 42B52BA22320BC850043A3D2 /* Metric.swift */; };
		42C7897C2335F7C90005E94B /* RankManager.swift in Sources */ = {isa = PBXBuildFile; fileRef = 42C7897B2335F7C90005E94B /* RankManager.swift */; };
		42C7897E2335FE890005E94B /* RankerInfo.swift in Sources */ = {isa = PBXBuildFile; fileRef = 42C7897D2335FE890005E94B /* RankerInfo.swift */; };
		42C78980233A0FCF0005E94B /* CameraButtonStatus.swift in Sources */ = {isa = PBXBuildFile; fileRef = 42C7897F233A0FCF0005E94B /* CameraButtonStatus.swift */; };
		42C78983233A37910005E94B /* LocationCheckType.swift in Sources */ = {isa = PBXBuildFile; fileRef = 42C78982233A37910005E94B /* LocationCheckType.swift */; };
		42C78987234082CD0005E94B /* FinishClimbingVC.swift in Sources */ = {isa = PBXBuildFile; fileRef = 42C78986234082CD0005E94B /* FinishClimbingVC.swift */; };
		42D89FDA231691A30011A751 /* AppDelegate.swift in Sources */ = {isa = PBXBuildFile; fileRef = 42D89FD9231691A30011A751 /* AppDelegate.swift */; };
		42D89FE1231691A40011A751 /* Assets.xcassets in Resources */ = {isa = PBXBuildFile; fileRef = 42D89FE0231691A40011A751 /* Assets.xcassets */; };
		42D89FE4231691A40011A751 /* LaunchScreen.storyboard in Resources */ = {isa = PBXBuildFile; fileRef = 42D89FE2231691A40011A751 /* LaunchScreen.storyboard */; };
		42D89FF22317F7A60011A751 /* GoogleService-Info.plist in Resources */ = {isa = PBXBuildFile; fileRef = 42D89FF12317F7A60011A751 /* GoogleService-Info.plist */; };
		AB11D7B023312B380012D2E2 /* TimeInterval.swift in Sources */ = {isa = PBXBuildFile; fileRef = AB11D7AF23312B380012D2E2 /* TimeInterval.swift */; };
		AB158433233A05AC00430AD7 /* RankingTableViewCell.swift in Sources */ = {isa = PBXBuildFile; fileRef = AB158432233A05AC00430AD7 /* RankingTableViewCell.swift */; };
		AB158435233A069800430AD7 /* RankingVC.swift in Sources */ = {isa = PBXBuildFile; fileRef = AB158434233A069800430AD7 /* RankingVC.swift */; };
		AB1584482340AB0500430AD7 /* gif.swift in Sources */ = {isa = PBXBuildFile; fileRef = AB1584472340AB0500430AD7 /* gif.swift */; };
		AB15844A2340AB2200430AD7 /* mtnTop.gif in Resources */ = {isa = PBXBuildFile; fileRef = AB1584492340AB2200430AD7 /* mtnTop.gif */; };
		AB49F8112327860D00754504 /* LogoutVC.swift in Sources */ = {isa = PBXBuildFile; fileRef = AB49F80C2327860D00754504 /* LogoutVC.swift */; };
		AB49F8122327860D00754504 /* MountainVC.swift in Sources */ = {isa = PBXBuildFile; fileRef = AB49F80D2327860D00754504 /* MountainVC.swift */; };
		AB49F8132327860D00754504 /* NMapVC.swift in Sources */ = {isa = PBXBuildFile; fileRef = AB49F80E2327860D00754504 /* NMapVC.swift */; };
		AB49F8142327860D00754504 /* LoginVC.swift in Sources */ = {isa = PBXBuildFile; fileRef = AB49F80F2327860D00754504 /* LoginVC.swift */; };
		AB49F8152327860D00754504 /* UserSettingVC.swift in Sources */ = {isa = PBXBuildFile; fileRef = AB49F8102327860D00754504 /* UserSettingVC.swift */; };
		AB49F8172327861B00754504 /* RecordTopView.swift in Sources */ = {isa = PBXBuildFile; fileRef = AB49F8162327861A00754504 /* RecordTopView.swift */; };
		AB49F81B23279B6E00754504 /* CustomAlbum.swift in Sources */ = {isa = PBXBuildFile; fileRef = AB49F81923279B6E00754504 /* CustomAlbum.swift */; };
		AB49F81D23279BB600754504 /* Error+.swift in Sources */ = {isa = PBXBuildFile; fileRef = AB49F81C23279BB600754504 /* Error+.swift */; };
		AB7BF86D2333486900097D63 /* MainColor.swift in Sources */ = {isa = PBXBuildFile; fileRef = AB7BF86C2333486900097D63 /* MainColor.swift */; };
		AB7BF878233371C400097D63 /* CustomInfoWindow.swift in Sources */ = {isa = PBXBuildFile; fileRef = AB7BF877233371C400097D63 /* CustomInfoWindow.swift */; };
		AB7BF87A233371FA00097D63 /* CustomInfoWindowView.xib in Resources */ = {isa = PBXBuildFile; fileRef = AB7BF879233371FA00097D63 /* CustomInfoWindowView.xib */; };
/* End PBXBuildFile section */

/* Begin PBXFileReference section */
		421E60F9232F5588005D994B /* UserInfomatoin.swift */ = {isa = PBXFileReference; lastKnownFileType = sourcecode.swift; path = UserInfomatoin.swift; sourceTree = "<group>"; };
		421E60FB232F6912005D994B /* RecordImageCell.swift */ = {isa = PBXFileReference; lastKnownFileType = sourcecode.swift; path = RecordImageCell.swift; sourceTree = "<group>"; };
		421E60FD232FB0DB005D994B /* DBTestVC.swift */ = {isa = PBXFileReference; lastKnownFileType = sourcecode.swift; path = DBTestVC.swift; sourceTree = "<group>"; };
		421E60FF23308B45005D994B /* DbError.swift */ = {isa = PBXFileReference; lastKnownFileType = sourcecode.swift; path = DbError.swift; sourceTree = "<group>"; };
		421E61012331DC0B005D994B /* MauntainDatabase.swift */ = {isa = PBXFileReference; lastKnownFileType = sourcecode.swift; path = MauntainDatabase.swift; sourceTree = "<group>"; };
		421E6103233224AC005D994B /* MountainInfo.swift */ = {isa = PBXFileReference; lastKnownFileType = sourcecode.swift; path = MountainInfo.swift; sourceTree = "<group>"; };
		4222C2852324E01200619406 /* ClibmingDatabase.swift */ = {isa = PBXFileReference; lastKnownFileType = sourcecode.swift; path = ClibmingDatabase.swift; sourceTree = "<group>"; };
		4222C288232751BA00619406 /* UserRecord.swift */ = {isa = PBXFileReference; lastKnownFileType = sourcecode.swift; path = UserRecord.swift; sourceTree = "<group>"; };
		4222C28D2328D19F00619406 /* ProfileVC.swift */ = {isa = PBXFileReference; lastKnownFileType = sourcecode.swift; path = ProfileVC.swift; sourceTree = "<group>"; };
		4222C2902328D34F00619406 /* ProfileMainCell.swift */ = {isa = PBXFileReference; lastKnownFileType = sourcecode.swift; path = ProfileMainCell.swift; sourceTree = "<group>"; };
		4222C2922328D39700619406 /* TableCollectionExtension.swift */ = {isa = PBXFileReference; lastKnownFileType = sourcecode.swift; path = TableCollectionExtension.swift; sourceTree = "<group>"; };
		4222C2942328D3EC00619406 /* Identifiable.swift */ = {isa = PBXFileReference; lastKnownFileType = sourcecode.swift; path = Identifiable.swift; sourceTree = "<group>"; };
		4222C2962328D59C00619406 /* UserClimbingRecord.swift */ = {isa = PBXFileReference; lastKnownFileType = sourcecode.swift; path = UserClimbingRecord.swift; sourceTree = "<group>"; };
		4222C2982328DE2600619406 /* DefaultCell.swift */ = {isa = PBXFileReference; lastKnownFileType = sourcecode.swift; path = DefaultCell.swift; sourceTree = "<group>"; };
		4222C29A232CCDE500619406 /* FontSize.swift */ = {isa = PBXFileReference; lastKnownFileType = sourcecode.swift; path = FontSize.swift; sourceTree = "<group>"; };
		4222C29C232D436B00619406 /* UserRecordsVC.swift */ = {isa = PBXFileReference; lastKnownFileType = sourcecode.swift; path = UserRecordsVC.swift; sourceTree = "<group>"; };
		4222C29E232D461500619406 /* RecordCell.swift */ = {isa = PBXFileReference; lastKnownFileType = sourcecode.swift; path = RecordCell.swift; sourceTree = "<group>"; };
		4222C2A0232D527800619406 /* VoidCell.swift */ = {isa = PBXFileReference; lastKnownFileType = sourcecode.swift; path = VoidCell.swift; sourceTree = "<group>"; };
		4222C2A2232E029900619406 /* CALayer.swift */ = {isa = PBXFileReference; lastKnownFileType = sourcecode.swift; path = CALayer.swift; sourceTree = "<group>"; };
		4222C2A4232E06E500619406 /* MountainLevel.swift */ = {isa = PBXFileReference; lastKnownFileType = sourcecode.swift; path = MountainLevel.swift; sourceTree = "<group>"; };
		4222C2A6232E31CE00619406 /* RecordHeaderView.swift */ = {isa = PBXFileReference; lastKnownFileType = sourcecode.swift; path = RecordHeaderView.swift; sourceTree = "<group>"; };
		424FAE682334E9A900D8C009 /* FDataBaseManager.swift */ = {isa = PBXFileReference; lastKnownFileType = sourcecode.swift; path = FDataBaseManager.swift; sourceTree = "<group>"; };
		4282309923483E3200A4B21A /* FinishTestVC.swift */ = {isa = PBXFileReference; lastKnownFileType = sourcecode.swift; path = FinishTestVC.swift; sourceTree = "<group>"; };
		4282309B234862A700A4B21A /* TextViewVC.swift */ = {isa = PBXFileReference; lastKnownFileType = sourcecode.swift; path = TextViewVC.swift; sourceTree = "<group>"; };
		42B52B73231A757A0043A3D2 /* KakaoOpenSDK.framework */ = {isa = PBXFileReference; lastKnownFileType = wrapper.framework; path = KakaoOpenSDK.framework; sourceTree = "<group>"; };
		42B52B75231A7D560043A3D2 /* MountainTop-Bridging-Header.h */ = {isa = PBXFileReference; lastKnownFileType = sourcecode.c.h; path = "MountainTop-Bridging-Header.h"; sourceTree = "<group>"; };
		42B52B982320B77C0043A3D2 /* LoginUserInfo.swift */ = {isa = PBXFileReference; fileEncoding = 4; lastKnownFileType = sourcecode.swift; path = LoginUserInfo.swift; sourceTree = "<group>"; };
		42B52B9C2320B8370043A3D2 /* logger.swift */ = {isa = PBXFileReference; fileEncoding = 4; lastKnownFileType = sourcecode.swift; path = logger.swift; sourceTree = "<group>"; };
		42B52B9E2320B83E0043A3D2 /* NetworkExtensions.swift */ = {isa = PBXFileReference; fileEncoding = 4; lastKnownFileType = sourcecode.swift; path = NetworkExtensions.swift; sourceTree = "<group>"; };
		42B52B9F2320B83E0043A3D2 /* UIAlertController.swift */ = {isa = PBXFileReference; fileEncoding = 4; lastKnownFileType = sourcecode.swift; path = UIAlertController.swift; sourceTree = "<group>"; };
		42B52BA22320BC850043A3D2 /* Metric.swift */ = {isa = PBXFileReference; fileEncoding = 4; lastKnownFileType = sourcecode.swift; path = Metric.swift; sourceTree = "<group>"; };
		42C7897B2335F7C90005E94B /* RankManager.swift */ = {isa = PBXFileReference; lastKnownFileType = sourcecode.swift; path = RankManager.swift; sourceTree = "<group>"; };
		42C7897D2335FE890005E94B /* RankerInfo.swift */ = {isa = PBXFileReference; lastKnownFileType = sourcecode.swift; path = RankerInfo.swift; sourceTree = "<group>"; };
		42C7897F233A0FCF0005E94B /* CameraButtonStatus.swift */ = {isa = PBXFileReference; lastKnownFileType = sourcecode.swift; path = CameraButtonStatus.swift; sourceTree = "<group>"; };
		42C78982233A37910005E94B /* LocationCheckType.swift */ = {isa = PBXFileReference; lastKnownFileType = sourcecode.swift; path = LocationCheckType.swift; sourceTree = "<group>"; };
		42C78986234082CD0005E94B /* FinishClimbingVC.swift */ = {isa = PBXFileReference; lastKnownFileType = sourcecode.swift; path = FinishClimbingVC.swift; sourceTree = "<group>"; };
		42D89FD6231691A30011A751 /* MountainTop.app */ = {isa = PBXFileReference; explicitFileType = wrapper.application; includeInIndex = 0; path = MountainTop.app; sourceTree = BUILT_PRODUCTS_DIR; };
		42D89FD9231691A30011A751 /* AppDelegate.swift */ = {isa = PBXFileReference; lastKnownFileType = sourcecode.swift; path = AppDelegate.swift; sourceTree = "<group>"; };
		42D89FE0231691A40011A751 /* Assets.xcassets */ = {isa = PBXFileReference; lastKnownFileType = folder.assetcatalog; path = Assets.xcassets; sourceTree = "<group>"; };
		42D89FE3231691A40011A751 /* Base */ = {isa = PBXFileReference; lastKnownFileType = file.storyboard; name = Base; path = Base.lproj/LaunchScreen.storyboard; sourceTree = "<group>"; };
		42D89FE5231691A40011A751 /* Info.plist */ = {isa = PBXFileReference; lastKnownFileType = text.plist.xml; path = Info.plist; sourceTree = "<group>"; };
		42D89FF12317F7A60011A751 /* GoogleService-Info.plist */ = {isa = PBXFileReference; fileEncoding = 4; lastKnownFileType = text.plist.xml; path = "GoogleService-Info.plist"; sourceTree = "<group>"; };
		8B10AC2C79D9DD6C2C470EA2 /* Pods-MountainTop.release.xcconfig */ = {isa = PBXFileReference; includeInIndex = 1; lastKnownFileType = text.xcconfig; name = "Pods-MountainTop.release.xcconfig"; path = "Target Support Files/Pods-MountainTop/Pods-MountainTop.release.xcconfig"; sourceTree = "<group>"; };
		97CC9E82CDAD8CB1021227FA /* Pods-MountainTop.debug.xcconfig */ = {isa = PBXFileReference; includeInIndex = 1; lastKnownFileType = text.xcconfig; name = "Pods-MountainTop.debug.xcconfig"; path = "Target Support Files/Pods-MountainTop/Pods-MountainTop.debug.xcconfig"; sourceTree = "<group>"; };
		AB11D7AF23312B380012D2E2 /* TimeInterval.swift */ = {isa = PBXFileReference; lastKnownFileType = sourcecode.swift; path = TimeInterval.swift; sourceTree = "<group>"; };
		AB158432233A05AC00430AD7 /* RankingTableViewCell.swift */ = {isa = PBXFileReference; lastKnownFileType = sourcecode.swift; path = RankingTableViewCell.swift; sourceTree = "<group>"; };
		AB158434233A069800430AD7 /* RankingVC.swift */ = {isa = PBXFileReference; lastKnownFileType = sourcecode.swift; path = RankingVC.swift; sourceTree = "<group>"; };
		AB1584472340AB0500430AD7 /* gif.swift */ = {isa = PBXFileReference; lastKnownFileType = sourcecode.swift; path = gif.swift; sourceTree = "<group>"; };
		AB1584492340AB2200430AD7 /* mtnTop.gif */ = {isa = PBXFileReference; lastKnownFileType = image.gif; path = mtnTop.gif; sourceTree = "<group>"; };
		AB49F80C2327860D00754504 /* LogoutVC.swift */ = {isa = PBXFileReference; fileEncoding = 4; lastKnownFileType = sourcecode.swift; path = LogoutVC.swift; sourceTree = "<group>"; };
		AB49F80D2327860D00754504 /* MountainVC.swift */ = {isa = PBXFileReference; fileEncoding = 4; lastKnownFileType = sourcecode.swift; path = MountainVC.swift; sourceTree = "<group>"; };
		AB49F80E2327860D00754504 /* NMapVC.swift */ = {isa = PBXFileReference; fileEncoding = 4; lastKnownFileType = sourcecode.swift; path = NMapVC.swift; sourceTree = "<group>"; };
		AB49F80F2327860D00754504 /* LoginVC.swift */ = {isa = PBXFileReference; fileEncoding = 4; lastKnownFileType = sourcecode.swift; path = LoginVC.swift; sourceTree = "<group>"; };
		AB49F8102327860D00754504 /* UserSettingVC.swift */ = {isa = PBXFileReference; fileEncoding = 4; lastKnownFileType = sourcecode.swift; path = UserSettingVC.swift; sourceTree = "<group>"; };
		AB49F8162327861A00754504 /* RecordTopView.swift */ = {isa = PBXFileReference; fileEncoding = 4; lastKnownFileType = sourcecode.swift; path = RecordTopView.swift; sourceTree = "<group>"; };
		AB49F81923279B6E00754504 /* CustomAlbum.swift */ = {isa = PBXFileReference; fileEncoding = 4; lastKnownFileType = sourcecode.swift; path = CustomAlbum.swift; sourceTree = "<group>"; };
		AB49F81C23279BB600754504 /* Error+.swift */ = {isa = PBXFileReference; fileEncoding = 4; lastKnownFileType = sourcecode.swift; path = "Error+.swift"; sourceTree = "<group>"; };
		AB7BF86C2333486900097D63 /* MainColor.swift */ = {isa = PBXFileReference; lastKnownFileType = sourcecode.swift; path = MainColor.swift; sourceTree = "<group>"; };
		AB7BF877233371C400097D63 /* CustomInfoWindow.swift */ = {isa = PBXFileReference; lastKnownFileType = sourcecode.swift; path = CustomInfoWindow.swift; sourceTree = "<group>"; };
		AB7BF879233371FA00097D63 /* CustomInfoWindowView.xib */ = {isa = PBXFileReference; lastKnownFileType = file.xib; path = CustomInfoWindowView.xib; sourceTree = "<group>"; };
		CB015A758DE4BAA045322779 /* Pods_MountainTop.framework */ = {isa = PBXFileReference; explicitFileType = wrapper.framework; includeInIndex = 0; path = Pods_MountainTop.framework; sourceTree = BUILT_PRODUCTS_DIR; };
/* End PBXFileReference section */

/* Begin PBXFrameworksBuildPhase section */
		42D89FD3231691A30011A751 /* Frameworks */ = {
			isa = PBXFrameworksBuildPhase;
			buildActionMask = 2147483647;
			files = (
				42B52B74231A757A0043A3D2 /* KakaoOpenSDK.framework in Frameworks */,
				200CAE6CE94CA4F19A03851C /* Pods_MountainTop.framework in Frameworks */,
			);
			runOnlyForDeploymentPostprocessing = 0;
		};
/* End PBXFrameworksBuildPhase section */

/* Begin PBXGroup section */
		219CB634428D9130E5BE319E /* Pods */ = {
			isa = PBXGroup;
			children = (
				97CC9E82CDAD8CB1021227FA /* Pods-MountainTop.debug.xcconfig */,
				8B10AC2C79D9DD6C2C470EA2 /* Pods-MountainTop.release.xcconfig */,
			);
			path = Pods;
			sourceTree = "<group>";
		};
		4222C28C2328D14F00619406 /* Profile */ = {
			isa = PBXGroup;
			children = (
				4222C28D2328D19F00619406 /* ProfileVC.swift */,
				4222C29C232D436B00619406 /* UserRecordsVC.swift */,
				4222C28F2328D31200619406 /* Views */,
			);
			path = Profile;
			sourceTree = "<group>";
		};
		4222C28F2328D31200619406 /* Views */ = {
			isa = PBXGroup;
			children = (
				4222C2902328D34F00619406 /* ProfileMainCell.swift */,
				4222C2962328D59C00619406 /* UserClimbingRecord.swift */,
				4222C2982328DE2600619406 /* DefaultCell.swift */,
				4222C29E232D461500619406 /* RecordCell.swift */,
				4222C2A0232D527800619406 /* VoidCell.swift */,
				4222C2A6232E31CE00619406 /* RecordHeaderView.swift */,
				421E60FB232F6912005D994B /* RecordImageCell.swift */,
			);
			path = Views;
			sourceTree = "<group>";
		};
		42B52B8B2320AF870043A3D2 /* Extensions */ = {
			isa = PBXGroup;
			children = (
				AB7BF877233371C400097D63 /* CustomInfoWindow.swift */,
				4222C2922328D39700619406 /* TableCollectionExtension.swift */,
				42B52B9E2320B83E0043A3D2 /* NetworkExtensions.swift */,
				42B52B9F2320B83E0043A3D2 /* UIAlertController.swift */,
				4222C2942328D3EC00619406 /* Identifiable.swift */,
				4222C2A2232E029900619406 /* CALayer.swift */,
				AB11D7AF23312B380012D2E2 /* TimeInterval.swift */,
			);
			path = Extensions;
			sourceTree = "<group>";
		};
		42B52B8C2320AF8E0043A3D2 /* Helper */ = {
			isa = PBXGroup;
			children = (
				AB49F81C23279BB600754504 /* Error+.swift */,
				AB49F81923279B6E00754504 /* CustomAlbum.swift */,
				42B52B9C2320B8370043A3D2 /* logger.swift */,
			);
			path = Helper;
			sourceTree = "<group>";
		};
		42B52B8D2320AF920043A3D2 /* Enum */ = {
			isa = PBXGroup;
			children = (
				42B52BA22320BC850043A3D2 /* Metric.swift */,
				AB7BF86C2333486900097D63 /* MainColor.swift */,
				4222C29A232CCDE500619406 /* FontSize.swift */,
				4222C2A4232E06E500619406 /* MountainLevel.swift */,
				421E60FF23308B45005D994B /* DbError.swift */,
				42C7897F233A0FCF0005E94B /* CameraButtonStatus.swift */,
				42C78982233A37910005E94B /* LocationCheckType.swift */,
			);
			path = Enum;
			sourceTree = "<group>";
		};
		42B52B8E2320AFBE0043A3D2 /* DataType */ = {
			isa = PBXGroup;
			children = (
				42B52B982320B77C0043A3D2 /* LoginUserInfo.swift */,
				4222C288232751BA00619406 /* UserRecord.swift */,
				421E6103233224AC005D994B /* MountainInfo.swift */,
				42C7897D2335FE890005E94B /* RankerInfo.swift */,
			);
			path = DataType;
			sourceTree = "<group>";
		};
		42C78981233A27950005E94B /* NMapVC */ = {
			isa = PBXGroup;
			children = (
				AB49F80E2327860D00754504 /* NMapVC.swift */,
				42C78986234082CD0005E94B /* FinishClimbingVC.swift */,
				4282309923483E3200A4B21A /* FinishTestVC.swift */,
			);
			path = NMapVC;
			sourceTree = "<group>";
		};
		42D89FCD231691A30011A751 = {
			isa = PBXGroup;
			children = (
				42D89FD8231691A30011A751 /* MountainTop */,
				42D89FD7231691A30011A751 /* Products */,
				219CB634428D9130E5BE319E /* Pods */,
				5D011016C6389C96C2FE560D /* Frameworks */,
			);
			sourceTree = "<group>";
		};
		42D89FD7231691A30011A751 /* Products */ = {
			isa = PBXGroup;
			children = (
				42D89FD6231691A30011A751 /* MountainTop.app */,
			);
			name = Products;
			sourceTree = "<group>";
		};
		42D89FD8231691A30011A751 /* MountainTop */ = {
			isa = PBXGroup;
			children = (
				42B52B75231A7D560043A3D2 /* MountainTop-Bridging-Header.h */,
				42D89FE0231691A40011A751 /* Assets.xcassets */,
				42D89FF12317F7A60011A751 /* GoogleService-Info.plist */,
				42D89FE5231691A40011A751 /* Info.plist */,
				42D89FE2231691A40011A751 /* LaunchScreen.storyboard */,
				AB15844B2340AB2700430AD7 /* gif */,
				42D89FD9231691A30011A751 /* AppDelegate.swift */,
				42B52B8D2320AF920043A3D2 /* Enum */,
				42B52B8C2320AF8E0043A3D2 /* Helper */,
				42B52B8B2320AF870043A3D2 /* Extensions */,
				42D89FED23178D6C0011A751 /* VC */,
				42D89FEC23178D5C0011A751 /* View */,
				42D89FEB23178D4A0011A751 /* Model */,
				42B52B8E2320AFBE0043A3D2 /* DataType */,
			);
			path = MountainTop;
			sourceTree = "<group>";
		};
		42D89FEB23178D4A0011A751 /* Model */ = {
			isa = PBXGroup;
			children = (
				421E60F9232F5588005D994B /* UserInfomatoin.swift */,
				4222C2852324E01200619406 /* ClibmingDatabase.swift */,
				421E61012331DC0B005D994B /* MauntainDatabase.swift */,
				424FAE682334E9A900D8C009 /* FDataBaseManager.swift */,
				42C7897B2335F7C90005E94B /* RankManager.swift */,
			);
			path = Model;
			sourceTree = "<group>";
		};
		42D89FEC23178D5C0011A751 /* View */ = {
			isa = PBXGroup;
			children = (
				AB158432233A05AC00430AD7 /* RankingTableViewCell.swift */,
				AB49F8162327861A00754504 /* RecordTopView.swift */,
			);
			path = View;
			sourceTree = "<group>";
		};
		42D89FED23178D6C0011A751 /* VC */ = {
			isa = PBXGroup;
			children = (
				AB49F80F2327860D00754504 /* LoginVC.swift */,
				AB49F80C2327860D00754504 /* LogoutVC.swift */,
				AB49F80D2327860D00754504 /* MountainVC.swift */,
				AB158434233A069800430AD7 /* RankingVC.swift */,
				AB49F8102327860D00754504 /* UserSettingVC.swift */,
				AB7BF879233371FA00097D63 /* CustomInfoWindowView.xib */,
				42C78981233A27950005E94B /* NMapVC */,
				4222C28C2328D14F00619406 /* Profile */,
				421E60FD232FB0DB005D994B /* DBTestVC.swift */,
				4282309B234862A700A4B21A /* TextViewVC.swift */,
			);
			path = VC;
			sourceTree = "<group>";
		};
		5D011016C6389C96C2FE560D /* Frameworks */ = {
			isa = PBXGroup;
			children = (
				42B52B73231A757A0043A3D2 /* KakaoOpenSDK.framework */,
				CB015A758DE4BAA045322779 /* Pods_MountainTop.framework */,
			);
			name = Frameworks;
			sourceTree = "<group>";
		};
		AB15844B2340AB2700430AD7 /* gif */ = {
			isa = PBXGroup;
			children = (
				AB1584472340AB0500430AD7 /* gif.swift */,
				AB1584492340AB2200430AD7 /* mtnTop.gif */,
			);
			path = gif;
			sourceTree = "<group>";
		};
/* End PBXGroup section */

/* Begin PBXNativeTarget section */
		42D89FD5231691A30011A751 /* MountainTop */ = {
			isa = PBXNativeTarget;
			buildConfigurationList = 42D89FE8231691A40011A751 /* Build configuration list for PBXNativeTarget "MountainTop" */;
			buildPhases = (
				385C46E98DFDCE4222185AF8 /* [CP] Check Pods Manifest.lock */,
				42D89FD2231691A30011A751 /* Sources */,
				42D89FD3231691A30011A751 /* Frameworks */,
				42D89FD4231691A30011A751 /* Resources */,
				9EE8B775AA1340D1BF16C329 /* [CP] Embed Pods Frameworks */,
			);
			buildRules = (
			);
			dependencies = (
			);
			name = MountainTop;
			productName = MountainTop;
			productReference = 42D89FD6231691A30011A751 /* MountainTop.app */;
			productType = "com.apple.product-type.application";
		};
/* End PBXNativeTarget section */

/* Begin PBXProject section */
		42D89FCE231691A30011A751 /* Project object */ = {
			isa = PBXProject;
			attributes = {
				LastSwiftUpdateCheck = 1030;
				LastUpgradeCheck = 1030;
				ORGANIZATIONNAME = "CHANGGUEN YU";
				TargetAttributes = {
					42D89FD5231691A30011A751 = {
						CreatedOnToolsVersion = 10.3;
						LastSwiftMigration = 1030;
					};
				};
			};
			buildConfigurationList = 42D89FD1231691A30011A751 /* Build configuration list for PBXProject "MountainTop" */;
			compatibilityVersion = "Xcode 9.3";
			developmentRegion = en;
			hasScannedForEncodings = 0;
			knownRegions = (
				en,
				Base,
			);
			mainGroup = 42D89FCD231691A30011A751;
			productRefGroup = 42D89FD7231691A30011A751 /* Products */;
			projectDirPath = "";
			projectRoot = "";
			targets = (
				42D89FD5231691A30011A751 /* MountainTop */,
			);
		};
/* End PBXProject section */

/* Begin PBXResourcesBuildPhase section */
		42D89FD4231691A30011A751 /* Resources */ = {
			isa = PBXResourcesBuildPhase;
			buildActionMask = 2147483647;
			files = (
				42D89FE4231691A40011A751 /* LaunchScreen.storyboard in Resources */,
				AB15844A2340AB2200430AD7 /* mtnTop.gif in Resources */,
				42D89FE1231691A40011A751 /* Assets.xcassets in Resources */,
				42D89FF22317F7A60011A751 /* GoogleService-Info.plist in Resources */,
				AB7BF87A233371FA00097D63 /* CustomInfoWindowView.xib in Resources */,
			);
			runOnlyForDeploymentPostprocessing = 0;
		};
/* End PBXResourcesBuildPhase section */

/* Begin PBXShellScriptBuildPhase section */
		385C46E98DFDCE4222185AF8 /* [CP] Check Pods Manifest.lock */ = {
			isa = PBXShellScriptBuildPhase;
			buildActionMask = 2147483647;
			files = (
			);
			inputFileListPaths = (
			);
			inputPaths = (
				"${PODS_PODFILE_DIR_PATH}/Podfile.lock",
				"${PODS_ROOT}/Manifest.lock",
			);
			name = "[CP] Check Pods Manifest.lock";
			outputFileListPaths = (
			);
			outputPaths = (
				"$(DERIVED_FILE_DIR)/Pods-MountainTop-checkManifestLockResult.txt",
			);
			runOnlyForDeploymentPostprocessing = 0;
			shellPath = /bin/sh;
			shellScript = "diff \"${PODS_PODFILE_DIR_PATH}/Podfile.lock\" \"${PODS_ROOT}/Manifest.lock\" > /dev/null\nif [ $? != 0 ] ; then\n    # print error to STDERR\n    echo \"error: The sandbox is not in sync with the Podfile.lock. Run 'pod install' or update your CocoaPods installation.\" >&2\n    exit 1\nfi\n# This output is used by Xcode 'outputs' to avoid re-running this script phase.\necho \"SUCCESS\" > \"${SCRIPT_OUTPUT_FILE_0}\"\n";
			showEnvVarsInLog = 0;
		};
		9EE8B775AA1340D1BF16C329 /* [CP] Embed Pods Frameworks */ = {
			isa = PBXShellScriptBuildPhase;
			buildActionMask = 2147483647;
			files = (
			);
			inputFileListPaths = (
				"${PODS_ROOT}/Target Support Files/Pods-MountainTop/Pods-MountainTop-frameworks-${CONFIGURATION}-input-files.xcfilelist",
			);
			name = "[CP] Embed Pods Frameworks";
			outputFileListPaths = (
				"${PODS_ROOT}/Target Support Files/Pods-MountainTop/Pods-MountainTop-frameworks-${CONFIGURATION}-output-files.xcfilelist",
			);
			runOnlyForDeploymentPostprocessing = 0;
			shellPath = /bin/sh;
			shellScript = "\"${PODS_ROOT}/Target Support Files/Pods-MountainTop/Pods-MountainTop-frameworks.sh\"\n";
			showEnvVarsInLog = 0;
		};
/* End PBXShellScriptBuildPhase section */

/* Begin PBXSourcesBuildPhase section */
		42D89FD2231691A30011A751 /* Sources */ = {
			isa = PBXSourcesBuildPhase;
			buildActionMask = 2147483647;
			files = (
				AB49F8132327860D00754504 /* NMapVC.swift in Sources */,
				AB11D7B023312B380012D2E2 /* TimeInterval.swift in Sources */,
				42B52B9D2320B8370043A3D2 /* logger.swift in Sources */,
				AB49F81B23279B6E00754504 /* CustomAlbum.swift in Sources */,
				42D89FDA231691A30011A751 /* AppDelegate.swift in Sources */,
				421E610023308B45005D994B /* DbError.swift in Sources */,
				4222C29B232CCDE500619406 /* FontSize.swift in Sources */,
				42B52BA32320BC850043A3D2 /* Metric.swift in Sources */,
				4222C2862324E01200619406 /* ClibmingDatabase.swift in Sources */,
				4222C2912328D34F00619406 /* ProfileMainCell.swift in Sources */,
				42C7897E2335FE890005E94B /* RankerInfo.swift in Sources */,
				421E60FE232FB0DB005D994B /* DBTestVC.swift in Sources */,
				AB49F8112327860D00754504 /* LogoutVC.swift in Sources */,
				424FAE692334E9A900D8C009 /* FDataBaseManager.swift in Sources */,
				4222C2952328D3EC00619406 /* Identifiable.swift in Sources */,
				AB49F8152327860D00754504 /* UserSettingVC.swift in Sources */,
				421E60FC232F6912005D994B /* RecordImageCell.swift in Sources */,
				42B52B992320B77C0043A3D2 /* LoginUserInfo.swift in Sources */,
				AB7BF878233371C400097D63 /* CustomInfoWindow.swift in Sources */,
				AB49F8142327860D00754504 /* LoginVC.swift in Sources */,
				4282309C234862A700A4B21A /* TextViewVC.swift in Sources */,
				4222C2A1232D527800619406 /* VoidCell.swift in Sources */,
				AB158435233A069800430AD7 /* RankingVC.swift in Sources */,
				4222C2A7232E31CE00619406 /* RecordHeaderView.swift in Sources */,
				42C7897C2335F7C90005E94B /* RankManager.swift in Sources */,
				4222C2992328DE2600619406 /* DefaultCell.swift in Sources */,
				AB49F8122327860D00754504 /* MountainVC.swift in Sources */,
				421E6104233224AC005D994B /* MountainInfo.swift in Sources */,
				4222C2A5232E06E500619406 /* MountainLevel.swift in Sources */,
				4222C29D232D436B00619406 /* UserRecordsVC.swift in Sources */,
				421E61022331DC0B005D994B /* MauntainDatabase.swift in Sources */,
				4222C2A3232E029900619406 /* CALayer.swift in Sources */,
				42C78980233A0FCF0005E94B /* CameraButtonStatus.swift in Sources */,
				AB49F81D23279BB600754504 /* Error+.swift in Sources */,
				AB158433233A05AC00430AD7 /* RankingTableViewCell.swift in Sources */,
				4222C28E2328D19F00619406 /* ProfileVC.swift in Sources */,
				4222C29F232D461500619406 /* RecordCell.swift in Sources */,
				4222C2932328D39700619406 /* TableCollectionExtension.swift in Sources */,
				AB1584482340AB0500430AD7 /* gif.swift in Sources */,
				4222C289232751BA00619406 /* UserRecord.swift in Sources */,
				421E60FA232F5588005D994B /* UserInfomatoin.swift in Sources */,
				4222C2972328D59C00619406 /* UserClimbingRecord.swift in Sources */,
				AB49F8172327861B00754504 /* RecordTopView.swift in Sources */,
				4282309A23483E3200A4B21A /* FinishTestVC.swift in Sources */,
				42C78983233A37910005E94B /* LocationCheckType.swift in Sources */,
				42B52BA12320B83E0043A3D2 /* UIAlertController.swift in Sources */,
				42C78987234082CD0005E94B /* FinishClimbingVC.swift in Sources */,
				AB7BF86D2333486900097D63 /* MainColor.swift in Sources */,
			);
			runOnlyForDeploymentPostprocessing = 0;
		};
/* End PBXSourcesBuildPhase section */

/* Begin PBXVariantGroup section */
		42D89FE2231691A40011A751 /* LaunchScreen.storyboard */ = {
			isa = PBXVariantGroup;
			children = (
				42D89FE3231691A40011A751 /* Base */,
			);
			name = LaunchScreen.storyboard;
			sourceTree = "<group>";
		};
/* End PBXVariantGroup section */

/* Begin XCBuildConfiguration section */
		42D89FE6231691A40011A751 /* Debug */ = {
			isa = XCBuildConfiguration;
			buildSettings = {
				ALWAYS_SEARCH_USER_PATHS = NO;
				CLANG_ANALYZER_NONNULL = YES;
				CLANG_ANALYZER_NUMBER_OBJECT_CONVERSION = YES_AGGRESSIVE;
				CLANG_CXX_LANGUAGE_STANDARD = "gnu++14";
				CLANG_CXX_LIBRARY = "libc++";
				CLANG_ENABLE_MODULES = YES;
				CLANG_ENABLE_OBJC_ARC = YES;
				CLANG_ENABLE_OBJC_WEAK = YES;
				CLANG_WARN_BLOCK_CAPTURE_AUTORELEASING = YES;
				CLANG_WARN_BOOL_CONVERSION = YES;
				CLANG_WARN_COMMA = YES;
				CLANG_WARN_CONSTANT_CONVERSION = YES;
				CLANG_WARN_DEPRECATED_OBJC_IMPLEMENTATIONS = YES;
				CLANG_WARN_DIRECT_OBJC_ISA_USAGE = YES_ERROR;
				CLANG_WARN_DOCUMENTATION_COMMENTS = YES;
				CLANG_WARN_EMPTY_BODY = YES;
				CLANG_WARN_ENUM_CONVERSION = YES;
				CLANG_WARN_INFINITE_RECURSION = YES;
				CLANG_WARN_INT_CONVERSION = YES;
				CLANG_WARN_NON_LITERAL_NULL_CONVERSION = YES;
				CLANG_WARN_OBJC_IMPLICIT_RETAIN_SELF = YES;
				CLANG_WARN_OBJC_LITERAL_CONVERSION = YES;
				CLANG_WARN_OBJC_ROOT_CLASS = YES_ERROR;
				CLANG_WARN_RANGE_LOOP_ANALYSIS = YES;
				CLANG_WARN_STRICT_PROTOTYPES = YES;
				CLANG_WARN_SUSPICIOUS_MOVE = YES;
				CLANG_WARN_UNGUARDED_AVAILABILITY = YES_AGGRESSIVE;
				CLANG_WARN_UNREACHABLE_CODE = YES;
				CLANG_WARN__DUPLICATE_METHOD_MATCH = YES;
				CODE_SIGN_IDENTITY = "iPhone Developer";
				COPY_PHASE_STRIP = NO;
				DEBUG_INFORMATION_FORMAT = dwarf;
				ENABLE_STRICT_OBJC_MSGSEND = YES;
				ENABLE_TESTABILITY = YES;
				GCC_C_LANGUAGE_STANDARD = gnu11;
				GCC_DYNAMIC_NO_PIC = NO;
				GCC_NO_COMMON_BLOCKS = YES;
				GCC_OPTIMIZATION_LEVEL = 0;
				GCC_PREPROCESSOR_DEFINITIONS = (
					"DEBUG=1",
					"$(inherited)",
				);
				GCC_WARN_64_TO_32_BIT_CONVERSION = YES;
				GCC_WARN_ABOUT_RETURN_TYPE = YES_ERROR;
				GCC_WARN_UNDECLARED_SELECTOR = YES;
				GCC_WARN_UNINITIALIZED_AUTOS = YES_AGGRESSIVE;
				GCC_WARN_UNUSED_FUNCTION = YES;
				GCC_WARN_UNUSED_VARIABLE = YES;
				IPHONEOS_DEPLOYMENT_TARGET = 13.1;
				MTL_ENABLE_DEBUG_INFO = INCLUDE_SOURCE;
				MTL_FAST_MATH = YES;
				ONLY_ACTIVE_ARCH = YES;
				SDKROOT = iphoneos;
				SWIFT_ACTIVE_COMPILATION_CONDITIONS = DEBUG;
				SWIFT_OPTIMIZATION_LEVEL = "-Onone";
			};
			name = Debug;
		};
		42D89FE7231691A40011A751 /* Release */ = {
			isa = XCBuildConfiguration;
			buildSettings = {
				ALWAYS_SEARCH_USER_PATHS = NO;
				CLANG_ANALYZER_NONNULL = YES;
				CLANG_ANALYZER_NUMBER_OBJECT_CONVERSION = YES_AGGRESSIVE;
				CLANG_CXX_LANGUAGE_STANDARD = "gnu++14";
				CLANG_CXX_LIBRARY = "libc++";
				CLANG_ENABLE_MODULES = YES;
				CLANG_ENABLE_OBJC_ARC = YES;
				CLANG_ENABLE_OBJC_WEAK = YES;
				CLANG_WARN_BLOCK_CAPTURE_AUTORELEASING = YES;
				CLANG_WARN_BOOL_CONVERSION = YES;
				CLANG_WARN_COMMA = YES;
				CLANG_WARN_CONSTANT_CONVERSION = YES;
				CLANG_WARN_DEPRECATED_OBJC_IMPLEMENTATIONS = YES;
				CLANG_WARN_DIRECT_OBJC_ISA_USAGE = YES_ERROR;
				CLANG_WARN_DOCUMENTATION_COMMENTS = YES;
				CLANG_WARN_EMPTY_BODY = YES;
				CLANG_WARN_ENUM_CONVERSION = YES;
				CLANG_WARN_INFINITE_RECURSION = YES;
				CLANG_WARN_INT_CONVERSION = YES;
				CLANG_WARN_NON_LITERAL_NULL_CONVERSION = YES;
				CLANG_WARN_OBJC_IMPLICIT_RETAIN_SELF = YES;
				CLANG_WARN_OBJC_LITERAL_CONVERSION = YES;
				CLANG_WARN_OBJC_ROOT_CLASS = YES_ERROR;
				CLANG_WARN_RANGE_LOOP_ANALYSIS = YES;
				CLANG_WARN_STRICT_PROTOTYPES = YES;
				CLANG_WARN_SUSPICIOUS_MOVE = YES;
				CLANG_WARN_UNGUARDED_AVAILABILITY = YES_AGGRESSIVE;
				CLANG_WARN_UNREACHABLE_CODE = YES;
				CLANG_WARN__DUPLICATE_METHOD_MATCH = YES;
				CODE_SIGN_IDENTITY = "iPhone Developer";
				COPY_PHASE_STRIP = NO;
				DEBUG_INFORMATION_FORMAT = "dwarf-with-dsym";
				ENABLE_NS_ASSERTIONS = NO;
				ENABLE_STRICT_OBJC_MSGSEND = YES;
				GCC_C_LANGUAGE_STANDARD = gnu11;
				GCC_NO_COMMON_BLOCKS = YES;
				GCC_WARN_64_TO_32_BIT_CONVERSION = YES;
				GCC_WARN_ABOUT_RETURN_TYPE = YES_ERROR;
				GCC_WARN_UNDECLARED_SELECTOR = YES;
				GCC_WARN_UNINITIALIZED_AUTOS = YES_AGGRESSIVE;
				GCC_WARN_UNUSED_FUNCTION = YES;
				GCC_WARN_UNUSED_VARIABLE = YES;
				IPHONEOS_DEPLOYMENT_TARGET = 13.1;
				MTL_ENABLE_DEBUG_INFO = NO;
				MTL_FAST_MATH = YES;
				SDKROOT = iphoneos;
				SWIFT_COMPILATION_MODE = wholemodule;
				SWIFT_OPTIMIZATION_LEVEL = "-O";
				VALIDATE_PRODUCT = YES;
			};
			name = Release;
		};
		42D89FE9231691A40011A751 /* Debug */ = {
			isa = XCBuildConfiguration;
			baseConfigurationReference = 97CC9E82CDAD8CB1021227FA /* Pods-MountainTop.debug.xcconfig */;
			buildSettings = {
				ASSETCATALOG_COMPILER_APPICON_NAME = AppIcon;
				CLANG_ENABLE_MODULES = YES;
				CODE_SIGN_IDENTITY = "Apple Development";
				CODE_SIGN_STYLE = Automatic;
				DEVELOPMENT_TEAM = H7746RVFJ9;
				FRAMEWORK_SEARCH_PATHS = (
					"$(inherited)",
					"$(PROJECT_DIR)",
				);
				INFOPLIST_FILE = MountainTop/Info.plist;
				IPHONEOS_DEPLOYMENT_TARGET = 13.0;
				LD_RUNPATH_SEARCH_PATHS = (
					"$(inherited)",
					"@executable_path/Frameworks",
				);
				OTHER_LDFLAGS = (
					"$(inherited)",
					"-ObjC",
					"-l\"c++\"",
					"-l\"sqlite3\"",
					"-l\"z\"",
					"-framework",
					"\"FIRAnalyticsConnector\"",
					"-framework",
					"\"FirebaseAnalytics\"",
					"-framework",
					"\"FirebaseCore\"",
					"-framework",
					"\"FirebaseCoreDiagnostics\"",
					"-framework",
					"\"FirebaseInstanceID\"",
					"-framework",
					"\"Foundation\"",
					"-framework",
					"\"GoogleAppMeasurement\"",
					"-framework",
					"\"GoogleUtilities\"",
					"-framework",
					"\"SQLite\"",
					"-framework",
					"\"Security\"",
					"-framework",
					"\"SnapKit\"",
					"-framework",
					"\"StoreKit\"",
					"-framework",
					"\"SystemConfiguration\"",
					"-framework",
					"\"nanopb\"",
					"-all_load",
				);
				PRODUCT_BUNDLE_IDENTIFIER = kr.xoul.MountainTop;
				PRODUCT_NAME = "$(TARGET_NAME)";
				PROVISIONING_PROFILE_SPECIFIER = "";
				SWIFT_OBJC_BRIDGING_HEADER = "MountainTop/MountainTop-Bridging-Header.h";
				SWIFT_OPTIMIZATION_LEVEL = "-Onone";
				SWIFT_VERSION = 5.0;
				TARGETED_DEVICE_FAMILY = 1;
			};
			name = Debug;
		};
		42D89FEA231691A40011A751 /* Release */ = {
			isa = XCBuildConfiguration;
			baseConfigurationReference = 8B10AC2C79D9DD6C2C470EA2 /* Pods-MountainTop.release.xcconfig */;
			buildSettings = {
				ASSETCATALOG_COMPILER_APPICON_NAME = AppIcon;
				CLANG_ENABLE_MODULES = YES;
				CODE_SIGN_IDENTITY = "Apple Development";
				CODE_SIGN_STYLE = Automatic;
				DEVELOPMENT_TEAM = H7746RVFJ9;
				FRAMEWORK_SEARCH_PATHS = (
					"$(inherited)",
					"$(PROJECT_DIR)",
				);
				INFOPLIST_FILE = MountainTop/Info.plist;
				IPHONEOS_DEPLOYMENT_TARGET = 13.0;
				LD_RUNPATH_SEARCH_PATHS = (
					"$(inherited)",
					"@executable_path/Frameworks",
				);
				OTHER_LDFLAGS = (
					"$(inherited)",
					"-ObjC",
					"-l\"c++\"",
					"-l\"sqlite3\"",
					"-l\"z\"",
					"-framework",
					"\"FIRAnalyticsConnector\"",
					"-framework",
					"\"FirebaseAnalytics\"",
					"-framework",
					"\"FirebaseCore\"",
					"-framework",
					"\"FirebaseCoreDiagnostics\"",
					"-framework",
					"\"FirebaseInstanceID\"",
					"-framework",
					"\"Foundation\"",
					"-framework",
					"\"GoogleAppMeasurement\"",
					"-framework",
					"\"GoogleUtilities\"",
					"-framework",
					"\"SQLite\"",
					"-framework",
					"\"Security\"",
					"-framework",
					"\"SnapKit\"",
					"-framework",
					"\"StoreKit\"",
					"-framework",
					"\"SystemConfiguration\"",
					"-framework",
					"\"nanopb\"",
					"-all_load",
				);
				PRODUCT_BUNDLE_IDENTIFIER = kr.xoul.MountainTop;
				PRODUCT_NAME = "$(TARGET_NAME)";
				PROVISIONING_PROFILE_SPECIFIER = "";
				SWIFT_OBJC_BRIDGING_HEADER = "MountainTop/MountainTop-Bridging-Header.h";
				SWIFT_VERSION = 5.0;
				TARGETED_DEVICE_FAMILY = 1;
			};
			name = Release;
		};
/* End XCBuildConfiguration section */

/* Begin XCConfigurationList section */
		42D89FD1231691A30011A751 /* Build configuration list for PBXProject "MountainTop" */ = {
			isa = XCConfigurationList;
			buildConfigurations = (
				42D89FE6231691A40011A751 /* Debug */,
				42D89FE7231691A40011A751 /* Release */,
			);
			defaultConfigurationIsVisible = 0;
			defaultConfigurationName = Release;
		};
		42D89FE8231691A40011A751 /* Build configuration list for PBXNativeTarget "MountainTop" */ = {
			isa = XCConfigurationList;
			buildConfigurations = (
				42D89FE9231691A40011A751 /* Debug */,
				42D89FEA231691A40011A751 /* Release */,
			);
			defaultConfigurationIsVisible = 0;
			defaultConfigurationName = Release;
		};
/* End XCConfigurationList section */
	};
	rootObject = 42D89FCE231691A30011A751 /* Project object */;
}
